{
  "object": {
    "pins": [
      {
        "package": "Socket",
        "repositoryURL": "https://github.com/IBM-Swift/BlueSocket.git",
        "state": {
          "branch": null,
          "revision": "c46a3d41f5b2401d18bcb46d0101cdc5cd13e307",
          "version": "1.0.52"
        }
      },
      {
        "package": "TelnetKit",
        "repositoryURL": "https://github.com/powerje/TelnetKit.git",
        "state": {
          "branch": "blue_sockets",
          "revision": "f33578e40b9e597872744a10d3d6195472ff9f91",
          "version": null
        }
      }
    ]
  },
  "version": 1
}
