// !$*UTF8*$!
{
   archiveVersion = "1";
   objectVersion = "46";
   objects = {
      "OBJ_1" = {
         isa = "PBXProject";
         attributes = {
            LastUpgradeCheck = "9999";
         };
         buildConfigurationList = "OBJ_2";
         compatibilityVersion = "Xcode 3.2";
         developmentRegion = "English";
         hasScannedForEncodings = "0";
         knownRegions = (
            "en"
         );
         mainGroup = "OBJ_5";
         productRefGroup = "OBJ_35";
         projectDirPath = ".";
         targets = (
            "Socket::Socket",
            "Socket::SwiftPMPackageDescription",
            "TelnetKit::TelnetKit",
            "TelnetKit::SwiftPMPackageDescription",
            "VanillaMUD::VanillaMUD",
            "VanillaMUD::SwiftPMPackageDescription",
            "VanillaMUD::VanillaMUDPackageTests::ProductTarget",
            "VanillaMUD::VanillaMUDTests",
            "Willow::Willow",
            "Willow::SwiftPMPackageDescription"
         );
      };
      "OBJ_10" = {
         isa = "PBXGroup";
         children = (
            "OBJ_11"
         );
         name = "Tests";
         path = "";
         sourceTree = "SOURCE_ROOT";
      };
      "OBJ_100" = {
         isa = "XCConfigurationList";
         buildConfigurations = (
            "OBJ_101",
            "OBJ_102"
         );
         defaultConfigurationIsVisible = "0";
         defaultConfigurationName = "Release";
      };
      "OBJ_101" = {
         isa = "XCBuildConfiguration";
         buildSettings = {
            CLANG_ENABLE_MODULES = "YES";
            EMBEDDED_CONTENT_CONTAINS_SWIFT = "YES";
            FRAMEWORK_SEARCH_PATHS = (
               "$(inherited)",
               "$(PLATFORM_DIR)/Developer/Library/Frameworks"
            );
            HEADER_SEARCH_PATHS = (
               "$(inherited)"
            );
            INFOPLIST_FILE = "VanillaMUD.xcodeproj/VanillaMUDTests_Info.plist";
            LD_RUNPATH_SEARCH_PATHS = (
               "$(inherited)",
               "@loader_path/../Frameworks",
               "@loader_path/Frameworks"
            );
            OTHER_CFLAGS = (
               "$(inherited)"
            );
            OTHER_LDFLAGS = (
               "$(inherited)"
            );
            OTHER_SWIFT_FLAGS = (
               "$(inherited)"
            );
            SWIFT_ACTIVE_COMPILATION_CONDITIONS = (
               "$(inherited)"
            );
            SWIFT_VERSION = "4.2";
            TARGET_NAME = "VanillaMUDTests";
         };
         name = "Debug";
      };
      "OBJ_102" = {
         isa = "XCBuildConfiguration";
         buildSettings = {
            CLANG_ENABLE_MODULES = "YES";
            EMBEDDED_CONTENT_CONTAINS_SWIFT = "YES";
            FRAMEWORK_SEARCH_PATHS = (
               "$(inherited)",
               "$(PLATFORM_DIR)/Developer/Library/Frameworks"
            );
            HEADER_SEARCH_PATHS = (
               "$(inherited)"
            );
            INFOPLIST_FILE = "VanillaMUD.xcodeproj/VanillaMUDTests_Info.plist";
            LD_RUNPATH_SEARCH_PATHS = (
               "$(inherited)",
               "@loader_path/../Frameworks",
               "@loader_path/Frameworks"
            );
            OTHER_CFLAGS = (
               "$(inherited)"
            );
            OTHER_LDFLAGS = (
               "$(inherited)"
            );
            OTHER_SWIFT_FLAGS = (
               "$(inherited)"
            );
            SWIFT_ACTIVE_COMPILATION_CONDITIONS = (
               "$(inherited)"
            );
            SWIFT_VERSION = "4.2";
            TARGET_NAME = "VanillaMUDTests";
         };
         name = "Release";
      };
      "OBJ_103" = {
         isa = "PBXSourcesBuildPhase";
         files = (
            "OBJ_104",
            "OBJ_105"
         );
      };
      "OBJ_104" = {
         isa = "PBXBuildFile";
         fileRef = "OBJ_12";
      };
      "OBJ_105" = {
         isa = "PBXBuildFile";
         fileRef = "OBJ_13";
      };
      "OBJ_106" = {
         isa = "PBXFrameworksBuildPhase";
         files = (
            "OBJ_107",
            "OBJ_108",
            "OBJ_109"
         );
      };
      "OBJ_107" = {
         isa = "PBXBuildFile";
         fileRef = "TelnetKit::TelnetKit::Product";
      };
      "OBJ_108" = {
         isa = "PBXBuildFile";
         fileRef = "Willow::Willow::Product";
      };
      "OBJ_109" = {
         isa = "PBXBuildFile";
         fileRef = "Socket::Socket::Product";
      };
      "OBJ_11" = {
         isa = "PBXGroup";
         children = (
            "OBJ_12",
            "OBJ_13"
         );
         name = "VanillaMUDTests";
         path = "Tests/VanillaMUDTests";
         sourceTree = "SOURCE_ROOT";
      };
      "OBJ_110" = {
         isa = "PBXTargetDependency";
         target = "VanillaMUD::VanillaMUD";
      };
      "OBJ_111" = {
         isa = "PBXTargetDependency";
         target = "TelnetKit::TelnetKit";
      };
      "OBJ_112" = {
         isa = "PBXTargetDependency";
         target = "Willow::Willow";
      };
      "OBJ_113" = {
         isa = "PBXTargetDependency";
         target = "Socket::Socket";
      };
      "OBJ_114" = {
         isa = "XCConfigurationList";
         buildConfigurations = (
            "OBJ_115",
            "OBJ_116"
         );
         defaultConfigurationIsVisible = "0";
         defaultConfigurationName = "Release";
      };
      "OBJ_115" = {
         isa = "XCBuildConfiguration";
         buildSettings = {
            ENABLE_TESTABILITY = "YES";
            FRAMEWORK_SEARCH_PATHS = (
               "$(inherited)",
               "$(PLATFORM_DIR)/Developer/Library/Frameworks"
            );
            HEADER_SEARCH_PATHS = (
               "$(inherited)"
            );
            INFOPLIST_FILE = "VanillaMUD.xcodeproj/Willow_Info.plist";
            LD_RUNPATH_SEARCH_PATHS = (
               "$(inherited)",
               "$(TOOLCHAIN_DIR)/usr/lib/swift/macosx"
            );
            OTHER_CFLAGS = (
               "$(inherited)"
            );
            OTHER_LDFLAGS = (
               "$(inherited)"
            );
            OTHER_SWIFT_FLAGS = (
               "$(inherited)"
            );
            PRODUCT_BUNDLE_IDENTIFIER = "Willow";
            PRODUCT_MODULE_NAME = "$(TARGET_NAME:c99extidentifier)";
            PRODUCT_NAME = "$(TARGET_NAME:c99extidentifier)";
            SKIP_INSTALL = "YES";
            SWIFT_ACTIVE_COMPILATION_CONDITIONS = (
               "$(inherited)"
            );
            SWIFT_VERSION = "4.0";
            TARGET_NAME = "Willow";
         };
         name = "Debug";
      };
      "OBJ_116" = {
         isa = "XCBuildConfiguration";
         buildSettings = {
            ENABLE_TESTABILITY = "YES";
            FRAMEWORK_SEARCH_PATHS = (
               "$(inherited)",
               "$(PLATFORM_DIR)/Developer/Library/Frameworks"
            );
            HEADER_SEARCH_PATHS = (
               "$(inherited)"
            );
            INFOPLIST_FILE = "VanillaMUD.xcodeproj/Willow_Info.plist";
            LD_RUNPATH_SEARCH_PATHS = (
               "$(inherited)",
               "$(TOOLCHAIN_DIR)/usr/lib/swift/macosx"
            );
            OTHER_CFLAGS = (
               "$(inherited)"
            );
            OTHER_LDFLAGS = (
               "$(inherited)"
            );
            OTHER_SWIFT_FLAGS = (
               "$(inherited)"
            );
            PRODUCT_BUNDLE_IDENTIFIER = "Willow";
            PRODUCT_MODULE_NAME = "$(TARGET_NAME:c99extidentifier)";
            PRODUCT_NAME = "$(TARGET_NAME:c99extidentifier)";
            SKIP_INSTALL = "YES";
            SWIFT_ACTIVE_COMPILATION_CONDITIONS = (
               "$(inherited)"
            );
            SWIFT_VERSION = "4.0";
            TARGET_NAME = "Willow";
         };
         name = "Release";
      };
      "OBJ_117" = {
         isa = "PBXSourcesBuildPhase";
         files = (
            "OBJ_118",
            "OBJ_119",
            "OBJ_120",
            "OBJ_121",
            "OBJ_122"
         );
      };
      "OBJ_118" = {
         isa = "PBXBuildFile";
         fileRef = "OBJ_24";
      };
      "OBJ_119" = {
         isa = "PBXBuildFile";
         fileRef = "OBJ_25";
      };
      "OBJ_12" = {
         isa = "PBXFileReference";
         path = "VanillaMUDTests.swift";
         sourceTree = "<group>";
      };
      "OBJ_120" = {
         isa = "PBXBuildFile";
         fileRef = "OBJ_26";
      };
      "OBJ_121" = {
         isa = "PBXBuildFile";
         fileRef = "OBJ_27";
      };
      "OBJ_122" = {
         isa = "PBXBuildFile";
         fileRef = "OBJ_28";
      };
      "OBJ_123" = {
         isa = "PBXFrameworksBuildPhase";
         files = (
         );
      };
      "OBJ_125" = {
         isa = "XCConfigurationList";
         buildConfigurations = (
            "OBJ_126",
            "OBJ_127"
         );
         defaultConfigurationIsVisible = "0";
         defaultConfigurationName = "Release";
      };
      "OBJ_126" = {
         isa = "XCBuildConfiguration";
         buildSettings = {
            LD = "/usr/bin/true";
            OTHER_SWIFT_FLAGS = (
               "-swift-version",
               "4",
               "-I",
               "$(TOOLCHAIN_DIR)/usr/lib/swift/pm/4",
               "-target",
               "x86_64-apple-macosx10.10",
               "-sdk",
               "/Applications/Xcode-beta.app/Contents/Developer/Platforms/MacOSX.platform/Developer/SDKs/MacOSX10.14.sdk"
            );
            SWIFT_VERSION = "4.0";
         };
         name = "Debug";
      };
      "OBJ_127" = {
         isa = "XCBuildConfiguration";
         buildSettings = {
            LD = "/usr/bin/true";
            OTHER_SWIFT_FLAGS = (
               "-swift-version",
               "4",
               "-I",
               "$(TOOLCHAIN_DIR)/usr/lib/swift/pm/4",
               "-target",
               "x86_64-apple-macosx10.10",
               "-sdk",
               "/Applications/Xcode-beta.app/Contents/Developer/Platforms/MacOSX.platform/Developer/SDKs/MacOSX10.14.sdk"
            );
            SWIFT_VERSION = "4.0";
         };
         name = "Release";
      };
      "OBJ_128" = {
         isa = "PBXSourcesBuildPhase";
         files = (
            "OBJ_129"
         );
      };
      "OBJ_129" = {
         isa = "PBXBuildFile";
         fileRef = "OBJ_22";
      };
      "OBJ_13" = {
         isa = "PBXFileReference";
         path = "XCTestManifests.swift";
         sourceTree = "<group>";
      };
      "OBJ_14" = {
         isa = "PBXGroup";
         children = (
            "OBJ_15",
            "OBJ_21",
            "OBJ_29"
         );
         name = "Dependencies";
         path = "";
         sourceTree = "<group>";
      };
      "OBJ_15" = {
         isa = "PBXGroup";
         children = (
            "OBJ_16",
            "OBJ_17",
            "OBJ_20"
         );
         name = "TelnetKit";
         path = "";
         sourceTree = "SOURCE_ROOT";
      };
      "OBJ_16" = {
         isa = "PBXGroup";
         children = (
         );
         name = "TelnetKitDemo";
         path = ".build/checkouts/TelnetKit.git--4673943707094137430/TelnetKitDemo";
         sourceTree = "SOURCE_ROOT";
      };
      "OBJ_17" = {
         isa = "PBXGroup";
         children = (
            "OBJ_18",
            "OBJ_19"
         );
         name = "TelnetKit";
         path = ".build/checkouts/TelnetKit.git--4673943707094137430/Sources/TelnetKit";
         sourceTree = "SOURCE_ROOT";
      };
      "OBJ_18" = {
         isa = "PBXFileReference";
         path = "Commands.swift";
         sourceTree = "<group>";
      };
      "OBJ_19" = {
         isa = "PBXFileReference";
         path = "Server.swift";
         sourceTree = "<group>";
      };
      "OBJ_2" = {
         isa = "XCConfigurationList";
         buildConfigurations = (
            "OBJ_3",
            "OBJ_4"
         );
         defaultConfigurationIsVisible = "0";
         defaultConfigurationName = "Release";
      };
      "OBJ_20" = {
         isa = "PBXFileReference";
         explicitFileType = "sourcecode.swift";
         name = "Package.swift";
         path = "/Users/jep/dev/VanillaMUD/.build/checkouts/TelnetKit.git--4673943707094137430/Package.swift";
         sourceTree = "<group>";
      };
      "OBJ_21" = {
         isa = "PBXGroup";
         children = (
            "OBJ_22",
            "OBJ_23"
         );
         name = "Willow 5.0.2";
         path = ".build/checkouts/Willow.git-7863301866236557308";
         sourceTree = "SOURCE_ROOT";
      };
      "OBJ_22" = {
         isa = "PBXFileReference";
         explicitFileType = "sourcecode.swift";
         name = "Package.swift";
         path = "/Users/jep/dev/VanillaMUD/.build/checkouts/Willow.git-7863301866236557308/Package.swift";
         sourceTree = "<group>";
      };
      "OBJ_23" = {
         isa = "PBXGroup";
         children = (
            "OBJ_24",
            "OBJ_25",
            "OBJ_26",
            "OBJ_27",
            "OBJ_28"
         );
         name = "Source";
         path = "Source";
         sourceTree = "<group>";
      };
      "OBJ_24" = {
         isa = "PBXFileReference";
         path = "LogLevel.swift";
         sourceTree = "<group>";
      };
      "OBJ_25" = {
         isa = "PBXFileReference";
         path = "LogMessage.swift";
         sourceTree = "<group>";
      };
      "OBJ_26" = {
         isa = "PBXFileReference";
         path = "LogModifier.swift";
         sourceTree = "<group>";
      };
      "OBJ_27" = {
         isa = "PBXFileReference";
         path = "LogWriter.swift";
         sourceTree = "<group>";
      };
      "OBJ_28" = {
         isa = "PBXFileReference";
         path = "Logger.swift";
         sourceTree = "<group>";
      };
      "OBJ_29" = {
         isa = "PBXGroup";
         children = (
            "OBJ_30",
            "OBJ_34"
         );
         name = "Socket 1.0.15";
         path = "";
         sourceTree = "SOURCE_ROOT";
      };
      "OBJ_3" = {
         isa = "XCBuildConfiguration";
         buildSettings = {
            CLANG_ENABLE_OBJC_ARC = "YES";
            COMBINE_HIDPI_IMAGES = "YES";
            COPY_PHASE_STRIP = "NO";
            DEBUG_INFORMATION_FORMAT = "dwarf";
            DYLIB_INSTALL_NAME_BASE = "@rpath";
            ENABLE_NS_ASSERTIONS = "YES";
            GCC_OPTIMIZATION_LEVEL = "0";
            GCC_PREPROCESSOR_DEFINITIONS = (
               "DEBUG=1",
               "$(inherited)"
            );
            MACOSX_DEPLOYMENT_TARGET = "10.10";
            ONLY_ACTIVE_ARCH = "YES";
            OTHER_SWIFT_FLAGS = (
               "-DXcode"
            );
            PRODUCT_NAME = "$(TARGET_NAME)";
            SDKROOT = "macosx";
            SUPPORTED_PLATFORMS = (
               "macosx",
               "iphoneos",
               "iphonesimulator",
               "appletvos",
               "appletvsimulator",
               "watchos",
               "watchsimulator"
            );
            SWIFT_ACTIVE_COMPILATION_CONDITIONS = (
               "SWIFT_PACKAGE",
               "DEBUG"
            );
            SWIFT_OPTIMIZATION_LEVEL = "-Onone";
            USE_HEADERMAP = "NO";
         };
         name = "Debug";
      };
      "OBJ_30" = {
         isa = "PBXGroup";
         children = (
            "OBJ_31",
            "OBJ_32",
            "OBJ_33"
         );
         name = "Socket";
         path = ".build/checkouts/BlueSocket.git--2381695603131960822/Sources/Socket";
         sourceTree = "SOURCE_ROOT";
      };
      "OBJ_31" = {
         isa = "PBXFileReference";
         path = "Socket.swift";
         sourceTree = "<group>";
      };
      "OBJ_32" = {
         isa = "PBXFileReference";
         path = "SocketProtocols.swift";
         sourceTree = "<group>";
      };
      "OBJ_33" = {
         isa = "PBXFileReference";
         path = "SocketUtils.swift";
         sourceTree = "<group>";
      };
      "OBJ_34" = {
         isa = "PBXFileReference";
         explicitFileType = "sourcecode.swift";
         name = "Package.swift";
         path = "/Users/jep/dev/VanillaMUD/.build/checkouts/BlueSocket.git--2381695603131960822/Package.swift";
         sourceTree = "<group>";
      };
      "OBJ_35" = {
         isa = "PBXGroup";
         children = (
            "VanillaMUD::VanillaMUD::Product",
            "VanillaMUD::VanillaMUDTests::Product",
            "TelnetKit::TelnetKit::Product",
            "Socket::Socket::Product",
            "Willow::Willow::Product"
         );
         name = "Products";
         path = "";
         sourceTree = "BUILT_PRODUCTS_DIR";
      };
      "OBJ_4" = {
         isa = "XCBuildConfiguration";
         buildSettings = {
            CLANG_ENABLE_OBJC_ARC = "YES";
            COMBINE_HIDPI_IMAGES = "YES";
            COPY_PHASE_STRIP = "YES";
            DEBUG_INFORMATION_FORMAT = "dwarf-with-dsym";
            DYLIB_INSTALL_NAME_BASE = "@rpath";
            GCC_OPTIMIZATION_LEVEL = "s";
            MACOSX_DEPLOYMENT_TARGET = "10.10";
            OTHER_SWIFT_FLAGS = (
               "-DXcode"
            );
            PRODUCT_NAME = "$(TARGET_NAME)";
            SDKROOT = "macosx";
            SUPPORTED_PLATFORMS = (
               "macosx",
               "iphoneos",
               "iphonesimulator",
               "appletvos",
               "appletvsimulator",
               "watchos",
               "watchsimulator"
            );
            SWIFT_ACTIVE_COMPILATION_CONDITIONS = (
               "SWIFT_PACKAGE"
            );
            SWIFT_OPTIMIZATION_LEVEL = "-Owholemodule";
            USE_HEADERMAP = "NO";
         };
         name = "Release";
      };
      "OBJ_42" = {
         isa = "XCConfigurationList";
         buildConfigurations = (
            "OBJ_43",
            "OBJ_44"
         );
         defaultConfigurationIsVisible = "0";
         defaultConfigurationName = "Release";
      };
      "OBJ_43" = {
         isa = "XCBuildConfiguration";
         buildSettings = {
            ENABLE_TESTABILITY = "YES";
            FRAMEWORK_SEARCH_PATHS = (
               "$(inherited)",
               "$(PLATFORM_DIR)/Developer/Library/Frameworks"
            );
            HEADER_SEARCH_PATHS = (
               "$(inherited)"
            );
            INFOPLIST_FILE = "VanillaMUD.xcodeproj/Socket_Info.plist";
            LD_RUNPATH_SEARCH_PATHS = (
               "$(inherited)",
               "$(TOOLCHAIN_DIR)/usr/lib/swift/macosx"
            );
            OTHER_CFLAGS = (
               "$(inherited)"
            );
            OTHER_LDFLAGS = (
               "$(inherited)"
            );
            OTHER_SWIFT_FLAGS = (
               "$(inherited)"
            );
            PRODUCT_BUNDLE_IDENTIFIER = "Socket";
            PRODUCT_MODULE_NAME = "$(TARGET_NAME:c99extidentifier)";
            PRODUCT_NAME = "$(TARGET_NAME:c99extidentifier)";
            SKIP_INSTALL = "YES";
            SWIFT_ACTIVE_COMPILATION_CONDITIONS = (
               "$(inherited)"
            );
            SWIFT_VERSION = "4.0";
            TARGET_NAME = "Socket";
         };
         name = "Debug";
      };
      "OBJ_44" = {
         isa = "XCBuildConfiguration";
         buildSettings = {
            ENABLE_TESTABILITY = "YES";
            FRAMEWORK_SEARCH_PATHS = (
               "$(inherited)",
               "$(PLATFORM_DIR)/Developer/Library/Frameworks"
            );
            HEADER_SEARCH_PATHS = (
               "$(inherited)"
            );
            INFOPLIST_FILE = "VanillaMUD.xcodeproj/Socket_Info.plist";
            LD_RUNPATH_SEARCH_PATHS = (
               "$(inherited)",
               "$(TOOLCHAIN_DIR)/usr/lib/swift/macosx"
            );
            OTHER_CFLAGS = (
               "$(inherited)"
            );
            OTHER_LDFLAGS = (
               "$(inherited)"
            );
            OTHER_SWIFT_FLAGS = (
               "$(inherited)"
            );
            PRODUCT_BUNDLE_IDENTIFIER = "Socket";
            PRODUCT_MODULE_NAME = "$(TARGET_NAME:c99extidentifier)";
            PRODUCT_NAME = "$(TARGET_NAME:c99extidentifier)";
            SKIP_INSTALL = "YES";
            SWIFT_ACTIVE_COMPILATION_CONDITIONS = (
               "$(inherited)"
            );
            SWIFT_VERSION = "4.0";
            TARGET_NAME = "Socket";
         };
         name = "Release";
      };
      "OBJ_45" = {
         isa = "PBXSourcesBuildPhase";
         files = (
            "OBJ_46",
            "OBJ_47",
            "OBJ_48"
         );
      };
      "OBJ_46" = {
         isa = "PBXBuildFile";
         fileRef = "OBJ_31";
      };
      "OBJ_47" = {
         isa = "PBXBuildFile";
         fileRef = "OBJ_32";
      };
      "OBJ_48" = {
         isa = "PBXBuildFile";
         fileRef = "OBJ_33";
      };
      "OBJ_49" = {
         isa = "PBXFrameworksBuildPhase";
         files = (
         );
      };
      "OBJ_5" = {
         isa = "PBXGroup";
         children = (
            "OBJ_6",
            "OBJ_7",
            "OBJ_10",
            "OBJ_14",
            "OBJ_35"
         );
         path = "";
         sourceTree = "<group>";
      };
      "OBJ_51" = {
         isa = "XCConfigurationList";
         buildConfigurations = (
            "OBJ_52",
            "OBJ_53"
         );
         defaultConfigurationIsVisible = "0";
         defaultConfigurationName = "Release";
      };
      "OBJ_52" = {
         isa = "XCBuildConfiguration";
         buildSettings = {
            LD = "/usr/bin/true";
            OTHER_SWIFT_FLAGS = (
               "-swift-version",
               "4",
               "-I",
               "$(TOOLCHAIN_DIR)/usr/lib/swift/pm/4",
               "-target",
               "x86_64-apple-macosx10.10",
               "-sdk",
               "/Applications/Xcode-beta.app/Contents/Developer/Platforms/MacOSX.platform/Developer/SDKs/MacOSX10.14.sdk"
            );
            SWIFT_VERSION = "4.0";
         };
         name = "Debug";
      };
      "OBJ_53" = {
         isa = "XCBuildConfiguration";
         buildSettings = {
            LD = "/usr/bin/true";
            OTHER_SWIFT_FLAGS = (
               "-swift-version",
               "4",
               "-I",
               "$(TOOLCHAIN_DIR)/usr/lib/swift/pm/4",
               "-target",
               "x86_64-apple-macosx10.10",
               "-sdk",
               "/Applications/Xcode-beta.app/Contents/Developer/Platforms/MacOSX.platform/Developer/SDKs/MacOSX10.14.sdk"
            );
            SWIFT_VERSION = "4.0";
         };
         name = "Release";
      };
      "OBJ_54" = {
         isa = "PBXSourcesBuildPhase";
         files = (
            "OBJ_55"
         );
      };
      "OBJ_55" = {
         isa = "PBXBuildFile";
         fileRef = "OBJ_34";
      };
      "OBJ_57" = {
         isa = "XCConfigurationList";
         buildConfigurations = (
            "OBJ_58",
            "OBJ_59"
         );
         defaultConfigurationIsVisible = "0";
         defaultConfigurationName = "Release";
      };
      "OBJ_58" = {
         isa = "XCBuildConfiguration";
         buildSettings = {
            ENABLE_TESTABILITY = "YES";
            FRAMEWORK_SEARCH_PATHS = (
               "$(inherited)",
               "$(PLATFORM_DIR)/Developer/Library/Frameworks"
            );
            HEADER_SEARCH_PATHS = (
               "$(inherited)"
            );
            INFOPLIST_FILE = "VanillaMUD.xcodeproj/TelnetKit_Info.plist";
            LD_RUNPATH_SEARCH_PATHS = (
               "$(inherited)",
               "$(TOOLCHAIN_DIR)/usr/lib/swift/macosx"
            );
            OTHER_CFLAGS = (
               "$(inherited)"
            );
            OTHER_LDFLAGS = (
               "$(inherited)"
            );
            OTHER_SWIFT_FLAGS = (
               "$(inherited)"
            );
            PRODUCT_BUNDLE_IDENTIFIER = "TelnetKit";
            PRODUCT_MODULE_NAME = "$(TARGET_NAME:c99extidentifier)";
            PRODUCT_NAME = "$(TARGET_NAME:c99extidentifier)";
            SKIP_INSTALL = "YES";
            SWIFT_ACTIVE_COMPILATION_CONDITIONS = (
               "$(inherited)"
            );
            SWIFT_VERSION = "4.2";
            TARGET_NAME = "TelnetKit";
         };
         name = "Debug";
      };
      "OBJ_59" = {
         isa = "XCBuildConfiguration";
         buildSettings = {
            ENABLE_TESTABILITY = "YES";
            FRAMEWORK_SEARCH_PATHS = (
               "$(inherited)",
               "$(PLATFORM_DIR)/Developer/Library/Frameworks"
            );
            HEADER_SEARCH_PATHS = (
               "$(inherited)"
            );
            INFOPLIST_FILE = "VanillaMUD.xcodeproj/TelnetKit_Info.plist";
            LD_RUNPATH_SEARCH_PATHS = (
               "$(inherited)",
               "$(TOOLCHAIN_DIR)/usr/lib/swift/macosx"
            );
            OTHER_CFLAGS = (
               "$(inherited)"
            );
            OTHER_LDFLAGS = (
               "$(inherited)"
            );
            OTHER_SWIFT_FLAGS = (
               "$(inherited)"
            );
            PRODUCT_BUNDLE_IDENTIFIER = "TelnetKit";
            PRODUCT_MODULE_NAME = "$(TARGET_NAME:c99extidentifier)";
            PRODUCT_NAME = "$(TARGET_NAME:c99extidentifier)";
            SKIP_INSTALL = "YES";
            SWIFT_ACTIVE_COMPILATION_CONDITIONS = (
               "$(inherited)"
            );
            SWIFT_VERSION = "4.2";
            TARGET_NAME = "TelnetKit";
         };
         name = "Release";
      };
      "OBJ_6" = {
         isa = "PBXFileReference";
         explicitFileType = "sourcecode.swift";
         path = "Package.swift";
         sourceTree = "<group>";
      };
      "OBJ_60" = {
         isa = "PBXSourcesBuildPhase";
         files = (
            "OBJ_61",
            "OBJ_62"
         );
      };
      "OBJ_61" = {
         isa = "PBXBuildFile";
         fileRef = "OBJ_18";
      };
      "OBJ_62" = {
         isa = "PBXBuildFile";
         fileRef = "OBJ_19";
      };
      "OBJ_63" = {
         isa = "PBXFrameworksBuildPhase";
         files = (
            "OBJ_64",
            "OBJ_65"
         );
      };
      "OBJ_64" = {
         isa = "PBXBuildFile";
         fileRef = "Willow::Willow::Product";
      };
      "OBJ_65" = {
         isa = "PBXBuildFile";
         fileRef = "Socket::Socket::Product";
      };
      "OBJ_66" = {
         isa = "PBXTargetDependency";
         target = "Willow::Willow";
      };
      "OBJ_68" = {
         isa = "PBXTargetDependency";
         target = "Socket::Socket";
      };
      "OBJ_7" = {
         isa = "PBXGroup";
         children = (
            "OBJ_8"
         );
         name = "Sources";
         path = "";
         sourceTree = "SOURCE_ROOT";
      };
      "OBJ_70" = {
         isa = "XCConfigurationList";
         buildConfigurations = (
            "OBJ_71",
            "OBJ_72"
         );
         defaultConfigurationIsVisible = "0";
         defaultConfigurationName = "Release";
      };
      "OBJ_71" = {
         isa = "XCBuildConfiguration";
         buildSettings = {
            LD = "/usr/bin/true";
            OTHER_SWIFT_FLAGS = (
               "-swift-version",
               "4.2",
               "-I",
               "$(TOOLCHAIN_DIR)/usr/lib/swift/pm/4_2",
               "-target",
               "x86_64-apple-macosx10.10",
               "-sdk",
               "/Applications/Xcode-beta.app/Contents/Developer/Platforms/MacOSX.platform/Developer/SDKs/MacOSX10.14.sdk"
            );
            SWIFT_VERSION = "4.2";
         };
         name = "Debug";
      };
      "OBJ_72" = {
         isa = "XCBuildConfiguration";
         buildSettings = {
            LD = "/usr/bin/true";
            OTHER_SWIFT_FLAGS = (
               "-swift-version",
               "4.2",
               "-I",
               "$(TOOLCHAIN_DIR)/usr/lib/swift/pm/4_2",
               "-target",
               "x86_64-apple-macosx10.10",
               "-sdk",
               "/Applications/Xcode-beta.app/Contents/Developer/Platforms/MacOSX.platform/Developer/SDKs/MacOSX10.14.sdk"
            );
            SWIFT_VERSION = "4.2";
         };
         name = "Release";
      };
      "OBJ_73" = {
         isa = "PBXSourcesBuildPhase";
         files = (
            "OBJ_74"
         );
      };
      "OBJ_74" = {
         isa = "PBXBuildFile";
         fileRef = "OBJ_20";
      };
      "OBJ_76" = {
         isa = "XCConfigurationList";
         buildConfigurations = (
            "OBJ_77",
            "OBJ_78"
         );
         defaultConfigurationIsVisible = "0";
         defaultConfigurationName = "Release";
      };
      "OBJ_77" = {
         isa = "XCBuildConfiguration";
         buildSettings = {
            FRAMEWORK_SEARCH_PATHS = (
               "$(inherited)",
               "$(PLATFORM_DIR)/Developer/Library/Frameworks"
            );
            HEADER_SEARCH_PATHS = (
               "$(inherited)"
            );
            INFOPLIST_FILE = "VanillaMUD.xcodeproj/VanillaMUD_Info.plist";
            LD_RUNPATH_SEARCH_PATHS = (
               "$(inherited)",
               "$(TOOLCHAIN_DIR)/usr/lib/swift/macosx",
               "@executable_path"
            );
            OTHER_CFLAGS = (
               "$(inherited)"
            );
            OTHER_LDFLAGS = (
               "$(inherited)"
            );
            OTHER_SWIFT_FLAGS = (
               "$(inherited)"
            );
            SWIFT_ACTIVE_COMPILATION_CONDITIONS = (
               "$(inherited)"
            );
            SWIFT_FORCE_DYNAMIC_LINK_STDLIB = "YES";
            SWIFT_FORCE_STATIC_LINK_STDLIB = "NO";
            SWIFT_VERSION = "4.2";
            TARGET_NAME = "VanillaMUD";
         };
         name = "Debug";
      };
      "OBJ_78" = {
         isa = "XCBuildConfiguration";
         buildSettings = {
            FRAMEWORK_SEARCH_PATHS = (
               "$(inherited)",
               "$(PLATFORM_DIR)/Developer/Library/Frameworks"
            );
            HEADER_SEARCH_PATHS = (
               "$(inherited)"
            );
            INFOPLIST_FILE = "VanillaMUD.xcodeproj/VanillaMUD_Info.plist";
            LD_RUNPATH_SEARCH_PATHS = (
               "$(inherited)",
               "$(TOOLCHAIN_DIR)/usr/lib/swift/macosx",
               "@executable_path"
            );
            OTHER_CFLAGS = (
               "$(inherited)"
            );
            OTHER_LDFLAGS = (
               "$(inherited)"
            );
            OTHER_SWIFT_FLAGS = (
               "$(inherited)"
            );
            SWIFT_ACTIVE_COMPILATION_CONDITIONS = (
               "$(inherited)"
            );
            SWIFT_FORCE_DYNAMIC_LINK_STDLIB = "YES";
            SWIFT_FORCE_STATIC_LINK_STDLIB = "NO";
            SWIFT_VERSION = "4.2";
            TARGET_NAME = "VanillaMUD";
         };
         name = "Release";
      };
      "OBJ_79" = {
         isa = "PBXSourcesBuildPhase";
         files = (
            "OBJ_80"
         );
      };
      "OBJ_8" = {
         isa = "PBXGroup";
         children = (
            "OBJ_9"
         );
         name = "VanillaMUD";
         path = "Sources/VanillaMUD";
         sourceTree = "SOURCE_ROOT";
      };
      "OBJ_80" = {
         isa = "PBXBuildFile";
         fileRef = "OBJ_9";
      };
      "OBJ_81" = {
         isa = "PBXFrameworksBuildPhase";
         files = (
            "OBJ_82",
            "OBJ_83",
            "OBJ_84"
         );
      };
      "OBJ_82" = {
         isa = "PBXBuildFile";
         fileRef = "TelnetKit::TelnetKit::Product";
      };
      "OBJ_83" = {
         isa = "PBXBuildFile";
         fileRef = "Willow::Willow::Product";
      };
      "OBJ_84" = {
         isa = "PBXBuildFile";
         fileRef = "Socket::Socket::Product";
      };
      "OBJ_85" = {
         isa = "PBXTargetDependency";
         target = "TelnetKit::TelnetKit";
      };
      "OBJ_86" = {
         isa = "PBXTargetDependency";
         target = "Willow::Willow";
      };
      "OBJ_87" = {
         isa = "PBXTargetDependency";
         target = "Socket::Socket";
      };
      "OBJ_89" = {
         isa = "XCConfigurationList";
         buildConfigurations = (
            "OBJ_90",
            "OBJ_91"
         );
         defaultConfigurationIsVisible = "0";
         defaultConfigurationName = "Release";
      };
      "OBJ_9" = {
         isa = "PBXFileReference";
         path = "main.swift";
         sourceTree = "<group>";
      };
      "OBJ_90" = {
         isa = "XCBuildConfiguration";
         buildSettings = {
            LD = "/usr/bin/true";
            OTHER_SWIFT_FLAGS = (
               "-swift-version",
               "4.2",
               "-I",
               "$(TOOLCHAIN_DIR)/usr/lib/swift/pm/4_2",
               "-target",
               "x86_64-apple-macosx10.10",
               "-sdk",
               "/Applications/Xcode-beta.app/Contents/Developer/Platforms/MacOSX.platform/Developer/SDKs/MacOSX10.14.sdk"
            );
            SWIFT_VERSION = "4.2";
         };
         name = "Debug";
      };
      "OBJ_91" = {
         isa = "XCBuildConfiguration";
         buildSettings = {
            LD = "/usr/bin/true";
            OTHER_SWIFT_FLAGS = (
               "-swift-version",
               "4.2",
               "-I",
               "$(TOOLCHAIN_DIR)/usr/lib/swift/pm/4_2",
               "-target",
               "x86_64-apple-macosx10.10",
               "-sdk",
               "/Applications/Xcode-beta.app/Contents/Developer/Platforms/MacOSX.platform/Developer/SDKs/MacOSX10.14.sdk"
            );
            SWIFT_VERSION = "4.2";
         };
         name = "Release";
      };
      "OBJ_92" = {
         isa = "PBXSourcesBuildPhase";
         files = (
            "OBJ_93"
         );
      };
      "OBJ_93" = {
         isa = "PBXBuildFile";
         fileRef = "OBJ_6";
      };
      "OBJ_95" = {
         isa = "XCConfigurationList";
         buildConfigurations = (
            "OBJ_96",
            "OBJ_97"
         );
         defaultConfigurationIsVisible = "0";
         defaultConfigurationName = "Release";
      };
      "OBJ_96" = {
         isa = "XCBuildConfiguration";
         buildSettings = {
         };
         name = "Debug";
      };
      "OBJ_97" = {
         isa = "XCBuildConfiguration";
         buildSettings = {
         };
         name = "Release";
      };
      "OBJ_98" = {
         isa = "PBXTargetDependency";
         target = "VanillaMUD::VanillaMUDTests";
      };
      "Socket::Socket" = {
         isa = "PBXNativeTarget";
         buildConfigurationList = "OBJ_42";
         buildPhases = (
            "OBJ_45",
            "OBJ_49"
         );
         dependencies = (
         );
         name = "Socket";
         productName = "Socket";
         productReference = "Socket::Socket::Product";
         productType = "com.apple.product-type.framework";
      };
      "Socket::Socket::Product" = {
         isa = "PBXFileReference";
         path = "Socket.framework";
         sourceTree = "BUILT_PRODUCTS_DIR";
      };
      "Socket::SwiftPMPackageDescription" = {
         isa = "PBXNativeTarget";
         buildConfigurationList = "OBJ_51";
         buildPhases = (
            "OBJ_54"
         );
         dependencies = (
         );
         name = "SocketPackageDescription";
         productName = "SocketPackageDescription";
         productType = "com.apple.product-type.framework";
      };
      "TelnetKit::SwiftPMPackageDescription" = {
         isa = "PBXNativeTarget";
         buildConfigurationList = "OBJ_70";
         buildPhases = (
            "OBJ_73"
         );
         dependencies = (
         );
         name = "TelnetKitPackageDescription";
         productName = "TelnetKitPackageDescription";
         productType = "com.apple.product-type.framework";
      };
      "TelnetKit::TelnetKit" = {
         isa = "PBXNativeTarget";
         buildConfigurationList = "OBJ_57";
         buildPhases = (
            "OBJ_60",
            "OBJ_63"
         );
         dependencies = (
            "OBJ_66",
            "OBJ_68"
         );
         name = "TelnetKit";
         productName = "TelnetKit";
         productReference = "TelnetKit::TelnetKit::Product";
         productType = "com.apple.product-type.framework";
      };
      "TelnetKit::TelnetKit::Product" = {
         isa = "PBXFileReference";
         path = "TelnetKit.framework";
         sourceTree = "BUILT_PRODUCTS_DIR";
      };
      "VanillaMUD::SwiftPMPackageDescription" = {
         isa = "PBXNativeTarget";
         buildConfigurationList = "OBJ_89";
         buildPhases = (
            "OBJ_92"
         );
         dependencies = (
         );
         name = "VanillaMUDPackageDescription";
         productName = "VanillaMUDPackageDescription";
         productType = "com.apple.product-type.framework";
      };
      "VanillaMUD::VanillaMUD" = {
         isa = "PBXNativeTarget";
         buildConfigurationList = "OBJ_76";
         buildPhases = (
            "OBJ_79",
            "OBJ_81"
         );
         dependencies = (
            "OBJ_85",
            "OBJ_86",
            "OBJ_87"
         );
         name = "VanillaMUD";
         productName = "VanillaMUD";
         productReference = "VanillaMUD::VanillaMUD::Product";
         productType = "com.apple.product-type.tool";
      };
      "VanillaMUD::VanillaMUD::Product" = {
         isa = "PBXFileReference";
         path = "VanillaMUD";
         sourceTree = "BUILT_PRODUCTS_DIR";
      };
      "VanillaMUD::VanillaMUDPackageTests::ProductTarget" = {
         isa = "PBXAggregateTarget";
         buildConfigurationList = "OBJ_95";
         buildPhases = (
         );
         dependencies = (
            "OBJ_98"
         );
         name = "VanillaMUDPackageTests";
         productName = "VanillaMUDPackageTests";
      };
      "VanillaMUD::VanillaMUDTests" = {
         isa = "PBXNativeTarget";
         buildConfigurationList = "OBJ_100";
         buildPhases = (
            "OBJ_103",
            "OBJ_106"
         );
         dependencies = (
            "OBJ_110",
            "OBJ_111",
            "OBJ_112",
            "OBJ_113"
         );
         name = "VanillaMUDTests";
         productName = "VanillaMUDTests";
         productReference = "VanillaMUD::VanillaMUDTests::Product";
         productType = "com.apple.product-type.bundle.unit-test";
      };
      "VanillaMUD::VanillaMUDTests::Product" = {
         isa = "PBXFileReference";
         path = "VanillaMUDTests.xctest";
         sourceTree = "BUILT_PRODUCTS_DIR";
      };
      "Willow::SwiftPMPackageDescription" = {
         isa = "PBXNativeTarget";
         buildConfigurationList = "OBJ_125";
         buildPhases = (
            "OBJ_128"
         );
         dependencies = (
         );
         name = "WillowPackageDescription";
         productName = "WillowPackageDescription";
         productType = "com.apple.product-type.framework";
      };
      "Willow::Willow" = {
         isa = "PBXNativeTarget";
         buildConfigurationList = "OBJ_114";
         buildPhases = (
            "OBJ_117",
            "OBJ_123"
         );
         dependencies = (
         );
         name = "Willow";
         productName = "Willow";
         productReference = "Willow::Willow::Product";
         productType = "com.apple.product-type.framework";
      };
      "Willow::Willow::Product" = {
         isa = "PBXFileReference";
         path = "Willow.framework";
         sourceTree = "BUILT_PRODUCTS_DIR";
      };
   };
   rootObject = "OBJ_1";
}
